// !$*UTF8*$!
{
	archiveVersion = 1;
	classes = {
	};
	objectVersion = 46;
	objects = {

/* Begin PBXBuildFile section */
		2A21BAF91E54299700ADC2E3 /* ExampleViewController.m in Sources */ = {isa = PBXBuildFile; fileRef = 2A21BAF81E54299700ADC2E3 /* ExampleViewController.m */; };
		2AA26CEB1E52E6EB004D78EF /* main.m in Sources */ = {isa = PBXBuildFile; fileRef = 2AA26CEA1E52E6EB004D78EF /* main.m */; };
		2AA26CEE1E52E6EB004D78EF /* AppDelegate.m in Sources */ = {isa = PBXBuildFile; fileRef = 2AA26CED1E52E6EB004D78EF /* AppDelegate.m */; };
		2AA26CF41E52E6EB004D78EF /* Main.storyboard in Resources */ = {isa = PBXBuildFile; fileRef = 2AA26CF21E52E6EB004D78EF /* Main.storyboard */; };
		2AA26CF61E52E6EB004D78EF /* Assets.xcassets in Resources */ = {isa = PBXBuildFile; fileRef = 2AA26CF51E52E6EB004D78EF /* Assets.xcassets */; };
		2AA26CF91E52E6EB004D78EF /* LaunchScreen.storyboard in Resources */ = {isa = PBXBuildFile; fileRef = 2AA26CF71E52E6EB004D78EF /* LaunchScreen.storyboard */; };
		631664E37628AAB1AA182F27 /* MAYCollectionViewDataSource+UICollectionView.m in Sources */ = {isa = PBXBuildFile; fileRef = 631669590D5AC6FE1C985354 /* MAYCollectionViewDataSource+UICollectionView.m */; };
		631666CA263F67273643B197 /* MAYUtilities.m in Sources */ = {isa = PBXBuildFile; fileRef = 63166067BBBA7BEA2B684F4D /* MAYUtilities.m */; };
		63166A659A8891E2588F8DAE /* MAYCollectionViewProxy.m in Sources */ = {isa = PBXBuildFile; fileRef = 6316645847E0D372E21933BC /* MAYCollectionViewProxy.m */; };
		63166AD6F74FB261947BCF8D /* MAYCollectionViewDataSource.m in Sources */ = {isa = PBXBuildFile; fileRef = 631668AE9B95C5FCEB23D20D /* MAYCollectionViewDataSource.m */; };
		63166BCE1E43FF46F6A0DEA6 /* MAYCollectionViewItemSource.m in Sources */ = {isa = PBXBuildFile; fileRef = 63166C2029ABFBB6ADB5E0E7 /* MAYCollectionViewItemSource.m */; };
		63166CF4FE32C8A0145AC33A /* MAYCollectionViewDataSource+UITableView.m in Sources */ = {isa = PBXBuildFile; fileRef = 631661F606018028190825C2 /* MAYCollectionViewDataSource+UITableView.m */; };
/* End PBXBuildFile section */

/* Begin PBXFileReference section */
		2A21BAF71E54299700ADC2E3 /* ExampleViewController.h */ = {isa = PBXFileReference; fileEncoding = 4; lastKnownFileType = sourcecode.c.h; path = ExampleViewController.h; sourceTree = "<group>"; };
		2A21BAF81E54299700ADC2E3 /* ExampleViewController.m */ = {isa = PBXFileReference; fileEncoding = 4; lastKnownFileType = sourcecode.c.objc; path = ExampleViewController.m; sourceTree = "<group>"; };
		2AA26CE61E52E6EB004D78EF /* MAYCollectionViewDataSource.app */ = {isa = PBXFileReference; explicitFileType = wrapper.application; includeInIndex = 0; path = MAYCollectionViewDataSource.app; sourceTree = BUILT_PRODUCTS_DIR; };
		2AA26CEA1E52E6EB004D78EF /* main.m */ = {isa = PBXFileReference; lastKnownFileType = sourcecode.c.objc; path = main.m; sourceTree = "<group>"; };
		2AA26CEC1E52E6EB004D78EF /* AppDelegate.h */ = {isa = PBXFileReference; lastKnownFileType = sourcecode.c.h; path = AppDelegate.h; sourceTree = "<group>"; };
		2AA26CED1E52E6EB004D78EF /* AppDelegate.m */ = {isa = PBXFileReference; lastKnownFileType = sourcecode.c.objc; path = AppDelegate.m; sourceTree = "<group>"; };
		2AA26CF31E52E6EB004D78EF /* Base */ = {isa = PBXFileReference; lastKnownFileType = file.storyboard; name = Base; path = Base.lproj/Main.storyboard; sourceTree = "<group>"; };
		2AA26CF51E52E6EB004D78EF /* Assets.xcassets */ = {isa = PBXFileReference; lastKnownFileType = folder.assetcatalog; path = Assets.xcassets; sourceTree = "<group>"; };
		2AA26CF81E52E6EB004D78EF /* Base */ = {isa = PBXFileReference; lastKnownFileType = file.storyboard; name = Base; path = Base.lproj/LaunchScreen.storyboard; sourceTree = "<group>"; };
		2AA26CFA1E52E6EB004D78EF /* Info.plist */ = {isa = PBXFileReference; lastKnownFileType = text.plist.xml; path = Info.plist; sourceTree = "<group>"; };
		63166067BBBA7BEA2B684F4D /* MAYUtilities.m */ = {isa = PBXFileReference; fileEncoding = 4; lastKnownFileType = sourcecode.c.objc; path = MAYUtilities.m; sourceTree = "<group>"; };
		631661D2F1A02CA8A65A6F9C /* MAYCollectionViewDataSource.h */ = {isa = PBXFileReference; fileEncoding = 4; lastKnownFileType = sourcecode.c.h; path = MAYCollectionViewDataSource.h; sourceTree = "<group>"; };
		631661F606018028190825C2 /* MAYCollectionViewDataSource+UITableView.m */ = {isa = PBXFileReference; fileEncoding = 4; lastKnownFileType = sourcecode.c.objc; path = "MAYCollectionViewDataSource+UITableView.m"; sourceTree = "<group>"; };
		6316645847E0D372E21933BC /* MAYCollectionViewProxy.m */ = {isa = PBXFileReference; fileEncoding = 4; lastKnownFileType = sourcecode.c.objc; path = MAYCollectionViewProxy.m; sourceTree = "<group>"; };
		631665CF3B415352C9AD25AB /* MAYCollectionViewDataSource+UICollectionView.h */ = {isa = PBXFileReference; fileEncoding = 4; lastKnownFileType = sourcecode.c.h; path = "MAYCollectionViewDataSource+UICollectionView.h"; sourceTree = "<group>"; };
		631665E926F0950CE8D4F863 /* MAYUtilities.h */ = {isa = PBXFileReference; fileEncoding = 4; lastKnownFileType = sourcecode.c.h; path = MAYUtilities.h; sourceTree = "<group>"; };
		631666135AC8B583339F892C /* MAYCollectionViewItemSource.h */ = {isa = PBXFileReference; fileEncoding = 4; lastKnownFileType = sourcecode.c.h; path = MAYCollectionViewItemSource.h; sourceTree = "<group>"; };
		631666DE52CCA5F25AA6ECCF /* MAYCollectionViewProxy.h */ = {isa = PBXFileReference; fileEncoding = 4; lastKnownFileType = sourcecode.c.h; path = MAYCollectionViewProxy.h; sourceTree = "<group>"; };
		631668AE9B95C5FCEB23D20D /* MAYCollectionViewDataSource.m */ = {isa = PBXFileReference; fileEncoding = 4; lastKnownFileType = sourcecode.c.objc; path = MAYCollectionViewDataSource.m; sourceTree = "<group>"; };
		631669590D5AC6FE1C985354 /* MAYCollectionViewDataSource+UICollectionView.m */ = {isa = PBXFileReference; fileEncoding = 4; lastKnownFileType = sourcecode.c.objc; path = "MAYCollectionViewDataSource+UICollectionView.m"; sourceTree = "<group>"; };
		63166AC50CE5E7173A7C6B2D /* MAYCollectionViewDataSource+UITableView.h */ = {isa = PBXFileReference; fileEncoding = 4; lastKnownFileType = sourcecode.c.h; path = "MAYCollectionViewDataSource+UITableView.h"; sourceTree = "<group>"; };
		63166C2029ABFBB6ADB5E0E7 /* MAYCollectionViewItemSource.m */ = {isa = PBXFileReference; fileEncoding = 4; lastKnownFileType = sourcecode.c.objc; path = MAYCollectionViewItemSource.m; sourceTree = "<group>"; };
/* End PBXFileReference section */

/* Begin PBXFrameworksBuildPhase section */
		2AA26CE31E52E6EB004D78EF /* Frameworks */ = {
			isa = PBXFrameworksBuildPhase;
			buildActionMask = 2147483647;
			files = (
			);
			runOnlyForDeploymentPostprocessing = 0;
		};
/* End PBXFrameworksBuildPhase section */

/* Begin PBXGroup section */
		2AA26CDD1E52E6EB004D78EF = {
			isa = PBXGroup;
			children = (
				2AA26CE81E52E6EB004D78EF /* MAYCollectionViewDataSource */,
				2AA26CE71E52E6EB004D78EF /* Products */,
			);
			sourceTree = "<group>";
		};
		2AA26CE71E52E6EB004D78EF /* Products */ = {
			isa = PBXGroup;
			children = (
				2AA26CE61E52E6EB004D78EF /* MAYCollectionViewDataSource.app */,
			);
			name = Products;
			sourceTree = "<group>";
		};
		2AA26CE81E52E6EB004D78EF /* MAYCollectionViewDataSource */ = {
			isa = PBXGroup;
			children = (
				2AA26CEC1E52E6EB004D78EF /* AppDelegate.h */,
				2AA26CED1E52E6EB004D78EF /* AppDelegate.m */,
				2A21BAF71E54299700ADC2E3 /* ExampleViewController.h */,
				2A21BAF81E54299700ADC2E3 /* ExampleViewController.m */,
				2AA26CF21E52E6EB004D78EF /* Main.storyboard */,
				2AA26CF51E52E6EB004D78EF /* Assets.xcassets */,
				2AA26CF71E52E6EB004D78EF /* LaunchScreen.storyboard */,
				2AA26CFA1E52E6EB004D78EF /* Info.plist */,
				2AA26CE91E52E6EB004D78EF /* Supporting Files */,
				631665A6F21D87400DB88733 /* Classes */,
			);
			path = MAYCollectionViewDataSource;
			sourceTree = "<group>";
		};
		2AA26CE91E52E6EB004D78EF /* Supporting Files */ = {
			isa = PBXGroup;
			children = (
				2AA26CEA1E52E6EB004D78EF /* main.m */,
			);
			name = "Supporting Files";
			sourceTree = "<group>";
		};
		631665A6F21D87400DB88733 /* Classes */ = {
			isa = PBXGroup;
			children = (
				631661D2F1A02CA8A65A6F9C /* MAYCollectionViewDataSource.h */,
				631668AE9B95C5FCEB23D20D /* MAYCollectionViewDataSource.m */,
				631666135AC8B583339F892C /* MAYCollectionViewItemSource.h */,
				63166C2029ABFBB6ADB5E0E7 /* MAYCollectionViewItemSource.m */,
				63166AC50CE5E7173A7C6B2D /* MAYCollectionViewDataSource+UITableView.h */,
				631661F606018028190825C2 /* MAYCollectionViewDataSource+UITableView.m */,
				631665CF3B415352C9AD25AB /* MAYCollectionViewDataSource+UICollectionView.h */,
				631669590D5AC6FE1C985354 /* MAYCollectionViewDataSource+UICollectionView.m */,
				631666DE52CCA5F25AA6ECCF /* MAYCollectionViewProxy.h */,
				6316645847E0D372E21933BC /* MAYCollectionViewProxy.m */,
				631665E926F0950CE8D4F863 /* MAYUtilities.h */,
				63166067BBBA7BEA2B684F4D /* MAYUtilities.m */,
			);
			path = Classes;
			sourceTree = "<group>";
		};
/* End PBXGroup section */

/* Begin PBXNativeTarget section */
		2AA26CE51E52E6EB004D78EF /* MAYCollectionViewDataSource */ = {
			isa = PBXNativeTarget;
			buildConfigurationList = 2AA26CFD1E52E6EB004D78EF /* Build configuration list for PBXNativeTarget "MAYCollectionViewDataSource" */;
			buildPhases = (
				2AA26CE21E52E6EB004D78EF /* Sources */,
				2AA26CE31E52E6EB004D78EF /* Frameworks */,
				2AA26CE41E52E6EB004D78EF /* Resources */,
			);
			buildRules = (
			);
			dependencies = (
			);
			name = MAYCollectionViewDataSource;
			productName = MACollectionViewDataSource;
			productReference = 2AA26CE61E52E6EB004D78EF /* MAYCollectionViewDataSource.app */;
			productType = "com.apple.product-type.application";
		};
/* End PBXNativeTarget section */

/* Begin PBXProject section */
		2AA26CDE1E52E6EB004D78EF /* Project object */ = {
			isa = PBXProject;
			attributes = {
				LastUpgradeCheck = 0820;
				ORGANIZATIONNAME = miner;
				TargetAttributes = {
					2AA26CE51E52E6EB004D78EF = {
						CreatedOnToolsVersion = 8.2.1;
						DevelopmentTeam = 39B3K26N84;
						ProvisioningStyle = Automatic;
					};
				};
			};
			buildConfigurationList = 2AA26CE11E52E6EB004D78EF /* Build configuration list for PBXProject "MAYCollectionViewDataSource" */;
			compatibilityVersion = "Xcode 3.2";
			developmentRegion = English;
			hasScannedForEncodings = 0;
			knownRegions = (
				en,
				Base,
			);
			mainGroup = 2AA26CDD1E52E6EB004D78EF;
			productRefGroup = 2AA26CE71E52E6EB004D78EF /* Products */;
			projectDirPath = "";
			projectRoot = "";
			targets = (
				2AA26CE51E52E6EB004D78EF /* MAYCollectionViewDataSource */,
			);
		};
/* End PBXProject section */

/* Begin PBXResourcesBuildPhase section */
		2AA26CE41E52E6EB004D78EF /* Resources */ = {
			isa = PBXResourcesBuildPhase;
			buildActionMask = 2147483647;
			files = (
				2AA26CF91E52E6EB004D78EF /* LaunchScreen.storyboard in Resources */,
				2AA26CF61E52E6EB004D78EF /* Assets.xcassets in Resources */,
				2AA26CF41E52E6EB004D78EF /* Main.storyboard in Resources */,
			);
			runOnlyForDeploymentPostprocessing = 0;
		};
/* End PBXResourcesBuildPhase section */

/* Begin PBXSourcesBuildPhase section */
		2AA26CE21E52E6EB004D78EF /* Sources */ = {
			isa = PBXSourcesBuildPhase;
			buildActionMask = 2147483647;
			files = (
				2A21BAF91E54299700ADC2E3 /* ExampleViewController.m in Sources */,
				2AA26CEE1E52E6EB004D78EF /* AppDelegate.m in Sources */,
				2AA26CEB1E52E6EB004D78EF /* main.m in Sources */,
				631664E37628AAB1AA182F27 /* MAYCollectionViewDataSource+UICollectionView.m in Sources */,
				63166CF4FE32C8A0145AC33A /* MAYCollectionViewDataSource+UITableView.m in Sources */,
				63166A659A8891E2588F8DAE /* MAYCollectionViewProxy.m in Sources */,
				63166AD6F74FB261947BCF8D /* MAYCollectionViewDataSource.m in Sources */,
				63166BCE1E43FF46F6A0DEA6 /* MAYCollectionViewItemSource.m in Sources */,
				631666CA263F67273643B197 /* MAYUtilities.m in Sources */,
			);
			runOnlyForDeploymentPostprocessing = 0;
		};
/* End PBXSourcesBuildPhase section */

/* Begin PBXVariantGroup section */
		2AA26CF21E52E6EB004D78EF /* Main.storyboard */ = {
			isa = PBXVariantGroup;
			children = (
				2AA26CF31E52E6EB004D78EF /* Base */,
			);
			name = Main.storyboard;
			sourceTree = "<group>";
		};
		2AA26CF71E52E6EB004D78EF /* LaunchScreen.storyboard */ = {
			isa = PBXVariantGroup;
			children = (
				2AA26CF81E52E6EB004D78EF /* Base */,
			);
			name = LaunchScreen.storyboard;
			sourceTree = "<group>";
		};
/* End PBXVariantGroup section */

/* Begin XCBuildConfiguration section */
		2AA26CFB1E52E6EB004D78EF /* Debug */ = {
			isa = XCBuildConfiguration;
			buildSettings = {
				ALWAYS_SEARCH_USER_PATHS = NO;
				CLANG_ANALYZER_NONNULL = YES;
				CLANG_CXX_LANGUAGE_STANDARD = "gnu++0x";
				CLANG_CXX_LIBRARY = "libc++";
				CLANG_ENABLE_MODULES = YES;
				CLANG_ENABLE_OBJC_ARC = YES;
				CLANG_WARN_BOOL_CONVERSION = YES;
				CLANG_WARN_CONSTANT_CONVERSION = YES;
				CLANG_WARN_DIRECT_OBJC_ISA_USAGE = YES_ERROR;
				CLANG_WARN_DOCUMENTATION_COMMENTS = YES;
				CLANG_WARN_EMPTY_BODY = YES;
				CLANG_WARN_ENUM_CONVERSION = YES;
				CLANG_WARN_INFINITE_RECURSION = YES;
				CLANG_WARN_INT_CONVERSION = YES;
				CLANG_WARN_OBJC_ROOT_CLASS = YES_ERROR;
				CLANG_WARN_SUSPICIOUS_MOVE = YES;
				CLANG_WARN_UNREACHABLE_CODE = YES;
				CLANG_WARN__DUPLICATE_METHOD_MATCH = YES;
				"CODE_SIGN_IDENTITY[sdk=iphoneos*]" = "iPhone Developer";
				COPY_PHASE_STRIP = NO;
				DEBUG_INFORMATION_FORMAT = dwarf;
				ENABLE_STRICT_OBJC_MSGSEND = YES;
				ENABLE_TESTABILITY = YES;
				GCC_C_LANGUAGE_STANDARD = gnu99;
				GCC_DYNAMIC_NO_PIC = NO;
				GCC_NO_COMMON_BLOCKS = YES;
				GCC_OPTIMIZATION_LEVEL = 0;
				GCC_PREPROCESSOR_DEFINITIONS = (
					"DEBUG=1",
					"$(inherited)",
				);
				GCC_WARN_64_TO_32_BIT_CONVERSION = YES;
				GCC_WARN_ABOUT_RETURN_TYPE = YES_ERROR;
				GCC_WARN_UNDECLARED_SELECTOR = YES;
				GCC_WARN_UNINITIALIZED_AUTOS = YES_AGGRESSIVE;
				GCC_WARN_UNUSED_FUNCTION = YES;
				GCC_WARN_UNUSED_VARIABLE = YES;
				IPHONEOS_DEPLOYMENT_TARGET = 10.2;
				MTL_ENABLE_DEBUG_INFO = YES;
				ONLY_ACTIVE_ARCH = YES;
				SDKROOT = iphoneos;
				TARGETED_DEVICE_FAMILY = "1,2";
			};
			name = Debug;
		};
		2AA26CFC1E52E6EB004D78EF /* Release */ = {
			isa = XCBuildConfiguration;
			buildSettings = {
				ALWAYS_SEARCH_USER_PATHS = NO;
				CLANG_ANALYZER_NONNULL = YES;
				CLANG_CXX_LANGUAGE_STANDARD = "gnu++0x";
				CLANG_CXX_LIBRARY = "libc++";
				CLANG_ENABLE_MODULES = YES;
				CLANG_ENABLE_OBJC_ARC = YES;
				CLANG_WARN_BOOL_CONVERSION = YES;
				CLANG_WARN_CONSTANT_CONVERSION = YES;
				CLANG_WARN_DIRECT_OBJC_ISA_USAGE = YES_ERROR;
				CLANG_WARN_DOCUMENTATION_COMMENTS = YES;
				CLANG_WARN_EMPTY_BODY = YES;
				CLANG_WARN_ENUM_CONVERSION = YES;
				CLANG_WARN_INFINITE_RECURSION = YES;
				CLANG_WARN_INT_CONVERSION = YES;
				CLANG_WARN_OBJC_ROOT_CLASS = YES_ERROR;
				CLANG_WARN_SUSPICIOUS_MOVE = YES;
				CLANG_WARN_UNREACHABLE_CODE = YES;
				CLANG_WARN__DUPLICATE_METHOD_MATCH = YES;
				"CODE_SIGN_IDENTITY[sdk=iphoneos*]" = "iPhone Developer";
				COPY_PHASE_STRIP = NO;
				DEBUG_INFORMATION_FORMAT = "dwarf-with-dsym";
				ENABLE_NS_ASSERTIONS = NO;
				ENABLE_STRICT_OBJC_MSGSEND = YES;
				GCC_C_LANGUAGE_STANDARD = gnu99;
				GCC_NO_COMMON_BLOCKS = YES;
				GCC_WARN_64_TO_32_BIT_CONVERSION = YES;
				GCC_WARN_ABOUT_RETURN_TYPE = YES_ERROR;
				GCC_WARN_UNDECLARED_SELECTOR = YES;
				GCC_WARN_UNINITIALIZED_AUTOS = YES_AGGRESSIVE;
				GCC_WARN_UNUSED_FUNCTION = YES;
				GCC_WARN_UNUSED_VARIABLE = YES;
				IPHONEOS_DEPLOYMENT_TARGET = 10.2;
				MTL_ENABLE_DEBUG_INFO = NO;
				SDKROOT = iphoneos;
				TARGETED_DEVICE_FAMILY = "1,2";
				VALIDATE_PRODUCT = YES;
			};
			name = Release;
		};
		2AA26CFE1E52E6EB004D78EF /* Debug */ = {
			isa = XCBuildConfiguration;
			buildSettings = {
				ASSETCATALOG_COMPILER_APPICON_NAME = AppIcon;
				DEVELOPMENT_TEAM = 39B3K26N84;
				INFOPLIST_FILE = "$(SRCROOT)/MAYCollectionViewDataSource/Info.plist";
				LD_RUNPATH_SEARCH_PATHS = "$(inherited) @executable_path/Frameworks";
				PRODUCT_BUNDLE_IDENTIFIER = com.uwozai.MAYCollectionViewDataSource;
				PRODUCT_NAME = "$(TARGET_NAME)";
			};
			name = Debug;
		};
		2AA26CFF1E52E6EB004D78EF /* Release */ = {
			isa = XCBuildConfiguration;
			buildSettings = {
				ASSETCATALOG_COMPILER_APPICON_NAME = AppIcon;
				DEVELOPMENT_TEAM = 39B3K26N84;
				INFOPLIST_FILE = "$(SRCROOT)/MAYCollectionViewDataSource/Info.plist";
				LD_RUNPATH_SEARCH_PATHS = "$(inherited) @executable_path/Frameworks";
				PRODUCT_BUNDLE_IDENTIFIER = com.uwozai.MAYCollectionViewDataSource;
				PRODUCT_NAME = "$(TARGET_NAME)";
			};
			name = Release;
		};
/* End XCBuildConfiguration section */

/* Begin XCConfigurationList section */
		2AA26CE11E52E6EB004D78EF /* Build configuration list for PBXProject "MAYCollectionViewDataSource" */ = {
			isa = XCConfigurationList;
			buildConfigurations = (
				2AA26CFB1E52E6EB004D78EF /* Debug */,
				2AA26CFC1E52E6EB004D78EF /* Release */,
			);
			defaultConfigurationIsVisible = 0;
			defaultConfigurationName = Release;
		};
		2AA26CFD1E52E6EB004D78EF /* Build configuration list for PBXNativeTarget "MAYCollectionViewDataSource" */ = {
			isa = XCConfigurationList;
			buildConfigurations = (
				2AA26CFE1E52E6EB004D78EF /* Debug */,
				2AA26CFF1E52E6EB004D78EF /* Release */,
			);
			defaultConfigurationIsVisible = 0;
			defaultConfigurationName = Release;
		};
/* End XCConfigurationList section */
	};
	rootObject = 2AA26CDE1E52E6EB004D78EF /* Project object */;
}
