// !$*UTF8*$!
{
	archiveVersion = 1;
	classes = {
	};
	objectVersion = 46;
	objects = {

/* Begin PBXBuildFile section */
		2A21BAF91E54299700ADC2E3 /* SecondViewController.m in Sources */ = {isa = PBXBuildFile; fileRef = 2A21BAF81E54299700ADC2E3 /* SecondViewController.m */; };
		2A98E3AB1E53461100223ED9 /* MACollectionViewProxy.m in Sources */ = {isa = PBXBuildFile; fileRef = 2A98E3AA1E53461100223ED9 /* MACollectionViewProxy.m */; };
		2A98E3AE1E53522F00223ED9 /* MAUtilities.m in Sources */ = {isa = PBXBuildFile; fileRef = 2A98E3AD1E53522F00223ED9 /* MAUtilities.m */; };
		2AA26CEB1E52E6EB004D78EF /* main.m in Sources */ = {isa = PBXBuildFile; fileRef = 2AA26CEA1E52E6EB004D78EF /* main.m */; };
		2AA26CEE1E52E6EB004D78EF /* AppDelegate.m in Sources */ = {isa = PBXBuildFile; fileRef = 2AA26CED1E52E6EB004D78EF /* AppDelegate.m */; };
		2AA26CF11E52E6EB004D78EF /* ViewController.m in Sources */ = {isa = PBXBuildFile; fileRef = 2AA26CF01E52E6EB004D78EF /* ViewController.m */; };
		2AA26CF41E52E6EB004D78EF /* Main.storyboard in Resources */ = {isa = PBXBuildFile; fileRef = 2AA26CF21E52E6EB004D78EF /* Main.storyboard */; };
		2AA26CF61E52E6EB004D78EF /* Assets.xcassets in Resources */ = {isa = PBXBuildFile; fileRef = 2AA26CF51E52E6EB004D78EF /* Assets.xcassets */; };
		2AA26CF91E52E6EB004D78EF /* LaunchScreen.storyboard in Resources */ = {isa = PBXBuildFile; fileRef = 2AA26CF71E52E6EB004D78EF /* LaunchScreen.storyboard */; };
		2AA26D021E52E71F004D78EF /* MACollectionViewDataSource.m in Sources */ = {isa = PBXBuildFile; fileRef = 2AA26D011E52E71F004D78EF /* MACollectionViewDataSource.m */; };
		2AA26D051E52FB29004D78EF /* MACollectionViewItemSource.m in Sources */ = {isa = PBXBuildFile; fileRef = 2AA26D041E52FB29004D78EF /* MACollectionViewItemSource.m */; };
		2AA26D0B1E532BE6004D78EF /* MACollectionViewDataSource+UITableView.m in Sources */ = {isa = PBXBuildFile; fileRef = 2AA26D0A1E532BE6004D78EF /* MACollectionViewDataSource+UITableView.m */; };
		2AA26D0E1E533A8F004D78EF /* MACollectionViewDataSource+UICollectionView.m in Sources */ = {isa = PBXBuildFile; fileRef = 2AA26D0D1E533A8F004D78EF /* MACollectionViewDataSource+UICollectionView.m */; };
/* End PBXBuildFile section */

/* Begin PBXFileReference section */
		2A21BAF71E54299700ADC2E3 /* SecondViewController.h */ = {isa = PBXFileReference; fileEncoding = 4; lastKnownFileType = sourcecode.c.h; path = SecondViewController.h; sourceTree = "<group>"; };
		2A21BAF81E54299700ADC2E3 /* SecondViewController.m */ = {isa = PBXFileReference; fileEncoding = 4; lastKnownFileType = sourcecode.c.objc; path = SecondViewController.m; sourceTree = "<group>"; };
		2A98E3A91E53461100223ED9 /* MACollectionViewProxy.h */ = {isa = PBXFileReference; fileEncoding = 4; lastKnownFileType = sourcecode.c.h; path = MACollectionViewProxy.h; sourceTree = "<group>"; };
		2A98E3AA1E53461100223ED9 /* MACollectionViewProxy.m */ = {isa = PBXFileReference; fileEncoding = 4; lastKnownFileType = sourcecode.c.objc; path = MACollectionViewProxy.m; sourceTree = "<group>"; };
		2A98E3AC1E53522F00223ED9 /* MAUtilities.h */ = {isa = PBXFileReference; fileEncoding = 4; lastKnownFileType = sourcecode.c.h; path = MAUtilities.h; sourceTree = "<group>"; };
		2A98E3AD1E53522F00223ED9 /* MAUtilities.m */ = {isa = PBXFileReference; fileEncoding = 4; lastKnownFileType = sourcecode.c.objc; path = MAUtilities.m; sourceTree = "<group>"; };
		2AA26CE61E52E6EB004D78EF /* MACollectionViewDataSource.app */ = {isa = PBXFileReference; explicitFileType = wrapper.application; includeInIndex = 0; path = MACollectionViewDataSource.app; sourceTree = BUILT_PRODUCTS_DIR; };
		2AA26CEA1E52E6EB004D78EF /* main.m */ = {isa = PBXFileReference; lastKnownFileType = sourcecode.c.objc; path = main.m; sourceTree = "<group>"; };
		2AA26CEC1E52E6EB004D78EF /* AppDelegate.h */ = {isa = PBXFileReference; lastKnownFileType = sourcecode.c.h; path = AppDelegate.h; sourceTree = "<group>"; };
		2AA26CED1E52E6EB004D78EF /* AppDelegate.m */ = {isa = PBXFileReference; lastKnownFileType = sourcecode.c.objc; path = AppDelegate.m; sourceTree = "<group>"; };
		2AA26CEF1E52E6EB004D78EF /* ViewController.h */ = {isa = PBXFileReference; lastKnownFileType = sourcecode.c.h; path = ViewController.h; sourceTree = "<group>"; };
		2AA26CF01E52E6EB004D78EF /* ViewController.m */ = {isa = PBXFileReference; lastKnownFileType = sourcecode.c.objc; path = ViewController.m; sourceTree = "<group>"; };
		2AA26CF31E52E6EB004D78EF /* Base */ = {isa = PBXFileReference; lastKnownFileType = file.storyboard; name = Base; path = Base.lproj/Main.storyboard; sourceTree = "<group>"; };
		2AA26CF51E52E6EB004D78EF /* Assets.xcassets */ = {isa = PBXFileReference; lastKnownFileType = folder.assetcatalog; path = Assets.xcassets; sourceTree = "<group>"; };
		2AA26CF81E52E6EB004D78EF /* Base */ = {isa = PBXFileReference; lastKnownFileType = file.storyboard; name = Base; path = Base.lproj/LaunchScreen.storyboard; sourceTree = "<group>"; };
		2AA26CFA1E52E6EB004D78EF /* Info.plist */ = {isa = PBXFileReference; lastKnownFileType = text.plist.xml; path = Info.plist; sourceTree = "<group>"; };
		2AA26D001E52E71F004D78EF /* MACollectionViewDataSource.h */ = {isa = PBXFileReference; fileEncoding = 4; lastKnownFileType = sourcecode.c.h; path = MACollectionViewDataSource.h; sourceTree = "<group>"; };
		2AA26D011E52E71F004D78EF /* MACollectionViewDataSource.m */ = {isa = PBXFileReference; fileEncoding = 4; lastKnownFileType = sourcecode.c.objc; path = MACollectionViewDataSource.m; sourceTree = "<group>"; };
		2AA26D031E52FB29004D78EF /* MACollectionViewItemSource.h */ = {isa = PBXFileReference; fileEncoding = 4; lastKnownFileType = sourcecode.c.h; path = MACollectionViewItemSource.h; sourceTree = "<group>"; };
		2AA26D041E52FB29004D78EF /* MACollectionViewItemSource.m */ = {isa = PBXFileReference; fileEncoding = 4; lastKnownFileType = sourcecode.c.objc; path = MACollectionViewItemSource.m; sourceTree = "<group>"; };
		2AA26D091E532BE6004D78EF /* MACollectionViewDataSource+UITableView.h */ = {isa = PBXFileReference; fileEncoding = 4; lastKnownFileType = sourcecode.c.h; path = "MACollectionViewDataSource+UITableView.h"; sourceTree = "<group>"; };
		2AA26D0A1E532BE6004D78EF /* MACollectionViewDataSource+UITableView.m */ = {isa = PBXFileReference; fileEncoding = 4; lastKnownFileType = sourcecode.c.objc; path = "MACollectionViewDataSource+UITableView.m"; sourceTree = "<group>"; };
		2AA26D0C1E533A8F004D78EF /* MACollectionViewDataSource+UICollectionView.h */ = {isa = PBXFileReference; fileEncoding = 4; lastKnownFileType = sourcecode.c.h; path = "MACollectionViewDataSource+UICollectionView.h"; sourceTree = "<group>"; };
		2AA26D0D1E533A8F004D78EF /* MACollectionViewDataSource+UICollectionView.m */ = {isa = PBXFileReference; fileEncoding = 4; lastKnownFileType = sourcecode.c.objc; path = "MACollectionViewDataSource+UICollectionView.m"; sourceTree = "<group>"; };
/* End PBXFileReference section */

/* Begin PBXFrameworksBuildPhase section */
		2AA26CE31E52E6EB004D78EF /* Frameworks */ = {
			isa = PBXFrameworksBuildPhase;
			buildActionMask = 2147483647;
			files = (
			);
			runOnlyForDeploymentPostprocessing = 0;
		};
/* End PBXFrameworksBuildPhase section */

/* Begin PBXGroup section */
		2AA26CDD1E52E6EB004D78EF = {
			isa = PBXGroup;
			children = (
				2AA26CE81E52E6EB004D78EF /* MACollectionViewDataSource */,
				2AA26CE71E52E6EB004D78EF /* Products */,
			);
			sourceTree = "<group>";
		};
		2AA26CE71E52E6EB004D78EF /* Products */ = {
			isa = PBXGroup;
			children = (
				2AA26CE61E52E6EB004D78EF /* MACollectionViewDataSource.app */,
			);
			name = Products;
			sourceTree = "<group>";
		};
		2AA26CE81E52E6EB004D78EF /* MACollectionViewDataSource */ = {
			isa = PBXGroup;
			children = (
				2AA26CEC1E52E6EB004D78EF /* AppDelegate.h */,
				2AA26CED1E52E6EB004D78EF /* AppDelegate.m */,
				2AA26CEF1E52E6EB004D78EF /* ViewController.h */,
				2AA26CF01E52E6EB004D78EF /* ViewController.m */,
				2A21BAF71E54299700ADC2E3 /* SecondViewController.h */,
				2A21BAF81E54299700ADC2E3 /* SecondViewController.m */,
				2AA26D001E52E71F004D78EF /* MACollectionViewDataSource.h */,
				2AA26D011E52E71F004D78EF /* MACollectionViewDataSource.m */,
				2AA26D091E532BE6004D78EF /* MACollectionViewDataSource+UITableView.h */,
				2AA26D0A1E532BE6004D78EF /* MACollectionViewDataSource+UITableView.m */,
				2AA26D0C1E533A8F004D78EF /* MACollectionViewDataSource+UICollectionView.h */,
				2AA26D0D1E533A8F004D78EF /* MACollectionViewDataSource+UICollectionView.m */,
				2AA26D031E52FB29004D78EF /* MACollectionViewItemSource.h */,
				2AA26D041E52FB29004D78EF /* MACollectionViewItemSource.m */,
				2A98E3A91E53461100223ED9 /* MACollectionViewProxy.h */,
				2A98E3AA1E53461100223ED9 /* MACollectionViewProxy.m */,
				2A98E3AC1E53522F00223ED9 /* MAUtilities.h */,
				2A98E3AD1E53522F00223ED9 /* MAUtilities.m */,
				2AA26CF21E52E6EB004D78EF /* Main.storyboard */,
				2AA26CF51E52E6EB004D78EF /* Assets.xcassets */,
				2AA26CF71E52E6EB004D78EF /* LaunchScreen.storyboard */,
				2AA26CFA1E52E6EB004D78EF /* Info.plist */,
				2AA26CE91E52E6EB004D78EF /* Supporting Files */,
			);
			path = MACollectionViewDataSource;
			sourceTree = "<group>";
		};
		2AA26CE91E52E6EB004D78EF /* Supporting Files */ = {
			isa = PBXGroup;
			children = (
				2AA26CEA1E52E6EB004D78EF /* main.m */,
			);
			name = "Supporting Files";
			sourceTree = "<group>";
		};
/* End PBXGroup section */

/* Begin PBXNativeTarget section */
		2AA26CE51E52E6EB004D78EF /* MACollectionViewDataSource */ = {
			isa = PBXNativeTarget;
			buildConfigurationList = 2AA26CFD1E52E6EB004D78EF /* Build configuration list for PBXNativeTarget "MACollectionViewDataSource" */;
			buildPhases = (
				2AA26CE21E52E6EB004D78EF /* Sources */,
				2AA26CE31E52E6EB004D78EF /* Frameworks */,
				2AA26CE41E52E6EB004D78EF /* Resources */,
			);
			buildRules = (
			);
			dependencies = (
			);
			name = MACollectionViewDataSource;
			productName = MACollectionViewDataSource;
			productReference = 2AA26CE61E52E6EB004D78EF /* MACollectionViewDataSource.app */;
			productType = "com.apple.product-type.application";
		};
/* End PBXNativeTarget section */

/* Begin PBXProject section */
		2AA26CDE1E52E6EB004D78EF /* Project object */ = {
			isa = PBXProject;
			attributes = {
				LastUpgradeCheck = 0820;
				ORGANIZATIONNAME = miner;
				TargetAttributes = {
					2AA26CE51E52E6EB004D78EF = {
						CreatedOnToolsVersion = 8.2.1;
						DevelopmentTeam = 39B3K26N84;
						ProvisioningStyle = Automatic;
					};
				};
			};
			buildConfigurationList = 2AA26CE11E52E6EB004D78EF /* Build configuration list for PBXProject "MACollectionViewDataSource" */;
			compatibilityVersion = "Xcode 3.2";
			developmentRegion = English;
			hasScannedForEncodings = 0;
			knownRegions = (
				en,
				Base,
			);
			mainGroup = 2AA26CDD1E52E6EB004D78EF;
			productRefGroup = 2AA26CE71E52E6EB004D78EF /* Products */;
			projectDirPath = "";
			projectRoot = "";
			targets = (
				2AA26CE51E52E6EB004D78EF /* MACollectionViewDataSource */,
			);
		};
/* End PBXProject section */

/* Begin PBXResourcesBuildPhase section */
		2AA26CE41E52E6EB004D78EF /* Resources */ = {
			isa = PBXResourcesBuildPhase;
			buildActionMask = 2147483647;
			files = (
				2AA26CF91E52E6EB004D78EF /* LaunchScreen.storyboard in Resources */,
				2AA26CF61E52E6EB004D78EF /* Assets.xcassets in Resources */,
				2AA26CF41E52E6EB004D78EF /* Main.storyboard in Resources */,
			);
			runOnlyForDeploymentPostprocessing = 0;
		};
/* End PBXResourcesBuildPhase section */

/* Begin PBXSourcesBuildPhase section */
		2AA26CE21E52E6EB004D78EF /* Sources */ = {
			isa = PBXSourcesBuildPhase;
			buildActionMask = 2147483647;
			files = (
				2A21BAF91E54299700ADC2E3 /* SecondViewController.m in Sources */,
				2AA26D0E1E533A8F004D78EF /* MACollectionViewDataSource+UICollectionView.m in Sources */,
				2AA26CF11E52E6EB004D78EF /* ViewController.m in Sources */,
				2AA26CEE1E52E6EB004D78EF /* AppDelegate.m in Sources */,
				2AA26CEB1E52E6EB004D78EF /* main.m in Sources */,
				2AA26D021E52E71F004D78EF /* MACollectionViewDataSource.m in Sources */,
				2A98E3AB1E53461100223ED9 /* MACollectionViewProxy.m in Sources */,
				2AA26D0B1E532BE6004D78EF /* MACollectionViewDataSource+UITableView.m in Sources */,
				2A98E3AE1E53522F00223ED9 /* MAUtilities.m in Sources */,
				2AA26D051E52FB29004D78EF /* MACollectionViewItemSource.m in Sources */,
			);
			runOnlyForDeploymentPostprocessing = 0;
		};
/* End PBXSourcesBuildPhase section */

/* Begin PBXVariantGroup section */
		2AA26CF21E52E6EB004D78EF /* Main.storyboard */ = {
			isa = PBXVariantGroup;
			children = (
				2AA26CF31E52E6EB004D78EF /* Base */,
			);
			name = Main.storyboard;
			sourceTree = "<group>";
		};
		2AA26CF71E52E6EB004D78EF /* LaunchScreen.storyboard */ = {
			isa = PBXVariantGroup;
			children = (
				2AA26CF81E52E6EB004D78EF /* Base */,
			);
			name = LaunchScreen.storyboard;
			sourceTree = "<group>";
		};
/* End PBXVariantGroup section */

/* Begin XCBuildConfiguration section */
		2AA26CFB1E52E6EB004D78EF /* Debug */ = {
			isa = XCBuildConfiguration;
			buildSettings = {
				ALWAYS_SEARCH_USER_PATHS = NO;
				CLANG_ANALYZER_NONNULL = YES;
				CLANG_CXX_LANGUAGE_STANDARD = "gnu++0x";
				CLANG_CXX_LIBRARY = "libc++";
				CLANG_ENABLE_MODULES = YES;
				CLANG_ENABLE_OBJC_ARC = YES;
				CLANG_WARN_BOOL_CONVERSION = YES;
				CLANG_WARN_CONSTANT_CONVERSION = YES;
				CLANG_WARN_DIRECT_OBJC_ISA_USAGE = YES_ERROR;
				CLANG_WARN_DOCUMENTATION_COMMENTS = YES;
				CLANG_WARN_EMPTY_BODY = YES;
				CLANG_WARN_ENUM_CONVERSION = YES;
				CLANG_WARN_INFINITE_RECURSION = YES;
				CLANG_WARN_INT_CONVERSION = YES;
				CLANG_WARN_OBJC_ROOT_CLASS = YES_ERROR;
				CLANG_WARN_SUSPICIOUS_MOVE = YES;
				CLANG_WARN_UNREACHABLE_CODE = YES;
				CLANG_WARN__DUPLICATE_METHOD_MATCH = YES;
				"CODE_SIGN_IDENTITY[sdk=iphoneos*]" = "iPhone Developer";
				COPY_PHASE_STRIP = NO;
				DEBUG_INFORMATION_FORMAT = dwarf;
				ENABLE_STRICT_OBJC_MSGSEND = YES;
				ENABLE_TESTABILITY = YES;
				GCC_C_LANGUAGE_STANDARD = gnu99;
				GCC_DYNAMIC_NO_PIC = NO;
				GCC_NO_COMMON_BLOCKS = YES;
				GCC_OPTIMIZATION_LEVEL = 0;
				GCC_PREPROCESSOR_DEFINITIONS = (
					"DEBUG=1",
					"$(inherited)",
				);
				GCC_WARN_64_TO_32_BIT_CONVERSION = YES;
				GCC_WARN_ABOUT_RETURN_TYPE = YES_ERROR;
				GCC_WARN_UNDECLARED_SELECTOR = YES;
				GCC_WARN_UNINITIALIZED_AUTOS = YES_AGGRESSIVE;
				GCC_WARN_UNUSED_FUNCTION = YES;
				GCC_WARN_UNUSED_VARIABLE = YES;
				IPHONEOS_DEPLOYMENT_TARGET = 10.2;
				MTL_ENABLE_DEBUG_INFO = YES;
				ONLY_ACTIVE_ARCH = YES;
				SDKROOT = iphoneos;
				TARGETED_DEVICE_FAMILY = "1,2";
			};
			name = Debug;
		};
		2AA26CFC1E52E6EB004D78EF /* Release */ = {
			isa = XCBuildConfiguration;
			buildSettings = {
				ALWAYS_SEARCH_USER_PATHS = NO;
				CLANG_ANALYZER_NONNULL = YES;
				CLANG_CXX_LANGUAGE_STANDARD = "gnu++0x";
				CLANG_CXX_LIBRARY = "libc++";
				CLANG_ENABLE_MODULES = YES;
				CLANG_ENABLE_OBJC_ARC = YES;
				CLANG_WARN_BOOL_CONVERSION = YES;
				CLANG_WARN_CONSTANT_CONVERSION = YES;
				CLANG_WARN_DIRECT_OBJC_ISA_USAGE = YES_ERROR;
				CLANG_WARN_DOCUMENTATION_COMMENTS = YES;
				CLANG_WARN_EMPTY_BODY = YES;
				CLANG_WARN_ENUM_CONVERSION = YES;
				CLANG_WARN_INFINITE_RECURSION = YES;
				CLANG_WARN_INT_CONVERSION = YES;
				CLANG_WARN_OBJC_ROOT_CLASS = YES_ERROR;
				CLANG_WARN_SUSPICIOUS_MOVE = YES;
				CLANG_WARN_UNREACHABLE_CODE = YES;
				CLANG_WARN__DUPLICATE_METHOD_MATCH = YES;
				"CODE_SIGN_IDENTITY[sdk=iphoneos*]" = "iPhone Developer";
				COPY_PHASE_STRIP = NO;
				DEBUG_INFORMATION_FORMAT = "dwarf-with-dsym";
				ENABLE_NS_ASSERTIONS = NO;
				ENABLE_STRICT_OBJC_MSGSEND = YES;
				GCC_C_LANGUAGE_STANDARD = gnu99;
				GCC_NO_COMMON_BLOCKS = YES;
				GCC_WARN_64_TO_32_BIT_CONVERSION = YES;
				GCC_WARN_ABOUT_RETURN_TYPE = YES_ERROR;
				GCC_WARN_UNDECLARED_SELECTOR = YES;
				GCC_WARN_UNINITIALIZED_AUTOS = YES_AGGRESSIVE;
				GCC_WARN_UNUSED_FUNCTION = YES;
				GCC_WARN_UNUSED_VARIABLE = YES;
				IPHONEOS_DEPLOYMENT_TARGET = 10.2;
				MTL_ENABLE_DEBUG_INFO = NO;
				SDKROOT = iphoneos;
				TARGETED_DEVICE_FAMILY = "1,2";
				VALIDATE_PRODUCT = YES;
			};
			name = Release;
		};
		2AA26CFE1E52E6EB004D78EF /* Debug */ = {
			isa = XCBuildConfiguration;
			buildSettings = {
				ASSETCATALOG_COMPILER_APPICON_NAME = AppIcon;
				DEVELOPMENT_TEAM = 39B3K26N84;
				INFOPLIST_FILE = MACollectionViewDataSource/Info.plist;
				LD_RUNPATH_SEARCH_PATHS = "$(inherited) @executable_path/Frameworks";
				PRODUCT_BUNDLE_IDENTIFIER = com.uwozai.MACollectionViewDataSource;
				PRODUCT_NAME = "$(TARGET_NAME)";
			};
			name = Debug;
		};
		2AA26CFF1E52E6EB004D78EF /* Release */ = {
			isa = XCBuildConfiguration;
			buildSettings = {
				ASSETCATALOG_COMPILER_APPICON_NAME = AppIcon;
				DEVELOPMENT_TEAM = 39B3K26N84;
				INFOPLIST_FILE = MACollectionViewDataSource/Info.plist;
				LD_RUNPATH_SEARCH_PATHS = "$(inherited) @executable_path/Frameworks";
				PRODUCT_BUNDLE_IDENTIFIER = com.uwozai.MACollectionViewDataSource;
				PRODUCT_NAME = "$(TARGET_NAME)";
			};
			name = Release;
		};
/* End XCBuildConfiguration section */

/* Begin XCConfigurationList section */
		2AA26CE11E52E6EB004D78EF /* Build configuration list for PBXProject "MACollectionViewDataSource" */ = {
			isa = XCConfigurationList;
			buildConfigurations = (
				2AA26CFB1E52E6EB004D78EF /* Debug */,
				2AA26CFC1E52E6EB004D78EF /* Release */,
			);
			defaultConfigurationIsVisible = 0;
			defaultConfigurationName = Release;
		};
		2AA26CFD1E52E6EB004D78EF /* Build configuration list for PBXNativeTarget "MACollectionViewDataSource" */ = {
			isa = XCConfigurationList;
			buildConfigurations = (
				2AA26CFE1E52E6EB004D78EF /* Debug */,
				2AA26CFF1E52E6EB004D78EF /* Release */,
			);
			defaultConfigurationIsVisible = 0;
			defaultConfigurationName = Release;
		};
/* End XCConfigurationList section */
	};
	rootObject = 2AA26CDE1E52E6EB004D78EF /* Project object */;
}
